{
  "name": "vb-adfs-passport-strategy",
  "version": "1.0.0",
  "lockfileVersion": 1,
  "requires": true,
  "dependencies": {
    "@types/body-parser": {
      "version": "1.17.0",
      "resolved": "https://registry.npmjs.org/@types/body-parser/-/body-parser-1.17.0.tgz",
      "integrity": "sha512-a2+YeUjPkztKJu5aIF2yArYFQQp8d51wZ7DavSHjFuY1mqVgidGyzEQ41JIVNy82fXj8yPgy2vJmfIywgESW6w==",
      "requires": {
        "@types/connect": "*",
        "@types/node": "*"
      }
    },
    "@types/connect": {
      "version": "3.4.32",
      "resolved": "https://registry.npmjs.org/@types/connect/-/connect-3.4.32.tgz",
      "integrity": "sha512-4r8qa0quOvh7lGD0pre62CAb1oni1OO6ecJLGCezTmhQ8Fz50Arx9RUszryR8KlgK6avuSXvviL6yWyViQABOg==",
      "requires": {
        "@types/node": "*"
      }
    },
    "@types/express": {
      "version": "4.16.1",
      "resolved": "https://registry.npmjs.org/@types/express/-/express-4.16.1.tgz",
      "integrity": "sha512-V0clmJow23WeyblmACoxbHBu2JKlE5TiIme6Lem14FnPW9gsttyHtk6wq7njcdIWH1njAaFgR8gW09lgY98gQg==",
      "requires": {
        "@types/body-parser": "*",
        "@types/express-serve-static-core": "*",
        "@types/serve-static": "*"
      }
    },
    "@types/express-serve-static-core": {
      "version": "4.16.6",
      "resolved": "https://registry.npmjs.org/@types/express-serve-static-core/-/express-serve-static-core-4.16.6.tgz",
      "integrity": "sha512-8wr3CA/EMybyb6/V8qvTRKiNkPmgUA26uA9XWD6hlA0yFDuqi4r2L0C2B0U2HAYltJamoYJszlkaWM31vrKsHg==",
      "requires": {
        "@types/node": "*",
        "@types/range-parser": "*"
      }
    },
    "@types/jsonwebtoken": {
      "version": "8.3.2",
      "resolved": "https://registry.npmjs.org/@types/jsonwebtoken/-/jsonwebtoken-8.3.2.tgz",
      "integrity": "sha512-Mkjljd9DTpkPlrmGfTJvcP4aBU7yO2QmW7wNVhV4/6AEUxYoacqU7FJU/N0yFEHTsIrE4da3rUrjrR5ejicFmA==",
      "requires": {
        "@types/node": "*"
      }
    },
    "@types/md5": {
      "version": "2.1.33",
      "resolved": "https://registry.npmjs.org/@types/md5/-/md5-2.1.33.tgz",
      "integrity": "sha512-8+X960EtKLoSblhauxLKy3zzotagjoj3Jt1Tx9oaxUdZEPIBl+mkrUz6PNKpzJgkrKSN9YgkWTA29c0KnLshmA==",
      "requires": {
        "@types/node": "*"
      }
    },
    "@types/mime": {
      "version": "2.0.1",
      "resolved": "https://registry.npmjs.org/@types/mime/-/mime-2.0.1.tgz",
      "integrity": "sha512-FwI9gX75FgVBJ7ywgnq/P7tw+/o1GUbtP0KzbtusLigAOgIgNISRK0ZPl4qertvXSIE8YbsVJueQ90cDt9YYyw=="
    },
    "@types/node": {
      "version": "12.0.3",
      "resolved": "https://registry.npmjs.org/@types/node/-/node-12.0.3.tgz",
      "integrity": "sha512-zkOxCS/fA+3SsdA+9Yun0iANxzhQRiNwTvJSr6N95JhuJ/x27z9G2URx1Jpt3zYFfCGUXZGL5UDxt5eyLE7wgw=="
    },
    "@types/oauth": {
      "version": "0.9.1",
      "resolved": "https://registry.npmjs.org/@types/oauth/-/oauth-0.9.1.tgz",
      "integrity": "sha512-a1iY62/a3yhZ7qH7cNUsxoI3U/0Fe9+RnuFrpTKr+0WVOzbKlSLojShCKe20aOD1Sppv+i8Zlq0pLDuTJnwS4A==",
      "requires": {
        "@types/node": "*"
      }
    },
    "@types/passport": {
      "version": "1.0.0",
      "resolved": "https://registry.npmjs.org/@types/passport/-/passport-1.0.0.tgz",
      "integrity": "sha512-R2FXqM+AgsMIym0PuKj08Ybx+GR6d2rU3b1/8OcHolJ+4ga2pRPX105wboV6hq1AJvMo2frQzYKdqXS5+4cyMw==",
      "requires": {
        "@types/express": "*"
      }
    },
    "@types/passport-oauth2": {
      "version": "1.4.8",
      "resolved": "https://registry.npmjs.org/@types/passport-oauth2/-/passport-oauth2-1.4.8.tgz",
      "integrity": "sha512-tlX16wyFE5YJR2pHpZ308dgB1MV9/Ra2wfQh71eWk+/umPoD1Rca2D4N5M27W7nZm1wqUNGTk1I864nHvEgiFA==",
      "requires": {
        "@types/express": "*",
        "@types/oauth": "*",
        "@types/passport": "*"
      }
    },
    "@types/range-parser": {
      "version": "1.2.3",
      "resolved": "https://registry.npmjs.org/@types/range-parser/-/range-parser-1.2.3.tgz",
      "integrity": "sha512-ewFXqrQHlFsgc09MK5jP5iR7vumV/BYayNC6PgJO2LPe8vrnNFyjQjSppfEngITi0qvfKtzFvgKymGheFM9UOA=="
    },
    "@types/serve-static": {
      "version": "1.13.2",
      "resolved": "https://registry.npmjs.org/@types/serve-static/-/serve-static-1.13.2.tgz",
      "integrity": "sha512-/BZ4QRLpH/bNYgZgwhKEh+5AsboDBcUdlBYgzoLX0fpj3Y2gp6EApyOlM3bK53wQS/OE1SrdSYBAbux2D1528Q==",
      "requires": {
        "@types/express-serve-static-core": "*",
        "@types/mime": "*"
      }
    },
    "base64url": {
      "version": "3.0.1",
      "resolved": "https://registry.npmjs.org/base64url/-/base64url-3.0.1.tgz",
      "integrity": "sha512-ir1UPr3dkwexU7FdV8qBBbNDRUhMmIekYMFZfi+C/sLNnRESKPl23nB9b2pltqfOQNnGzsDdId90AEtG5tCx4A=="
    },
    "buffer-equal-constant-time": {
      "version": "1.0.1",
      "resolved": "https://registry.npmjs.org/buffer-equal-constant-time/-/buffer-equal-constant-time-1.0.1.tgz",
      "integrity": "sha1-+OcRMvf/5uAaXJaXpMbz5I1cyBk="
    },
    "charenc": {
      "version": "0.0.2",
      "resolved": "https://registry.npmjs.org/charenc/-/charenc-0.0.2.tgz",
      "integrity": "sha1-wKHS86cJLgN3S/qD8UwPxXkKhmc="
    },
    "crypt": {
      "version": "0.0.2",
      "resolved": "https://registry.npmjs.org/crypt/-/crypt-0.0.2.tgz",
      "integrity": "sha1-iNf/fsDfuG9xPch7u0LQRNPmxBs="
    },
    "ecdsa-sig-formatter": {
      "version": "1.0.11",
      "resolved": "https://registry.npmjs.org/ecdsa-sig-formatter/-/ecdsa-sig-formatter-1.0.11.tgz",
      "integrity": "sha512-nagl3RYrbNv6kQkeJIpt6NJZy8twLB/2vtz6yN9Z4vRKHN4/QZJIEbqohALSgwKdnksuY3k5Addp5lg8sVoVcQ==",
      "requires": {
        "safe-buffer": "^5.0.1"
      }
    },
    "is-buffer": {
      "version": "1.1.6",
      "resolved": "https://registry.npmjs.org/is-buffer/-/is-buffer-1.1.6.tgz",
      "integrity": "sha512-NcdALwpXkTm5Zvvbk7owOUSvVvBKDgKP5/ewfXEznmQFfs4ZRmanOeKBTjRVjka3QFoN6XJ+9F3USqfHqTaU5w=="
    },
    "jsonwebtoken": {
      "version": "8.5.1",
      "resolved": "https://registry.npmjs.org/jsonwebtoken/-/jsonwebtoken-8.5.1.tgz",
      "integrity": "sha512-XjwVfRS6jTMsqYs0EsuJ4LGxXV14zQybNd4L2r0UvbVnSF9Af8x7p5MzbJ90Ioz/9TI41/hTCvznF/loiSzn8w==",
      "requires": {
        "jws": "^3.2.2",
        "lodash.includes": "^4.3.0",
        "lodash.isboolean": "^3.0.3",
        "lodash.isinteger": "^4.0.4",
        "lodash.isnumber": "^3.0.3",
        "lodash.isplainobject": "^4.0.6",
        "lodash.isstring": "^4.0.1",
        "lodash.once": "^4.0.0",
        "ms": "^2.1.1",
        "semver": "^5.6.0"
      }
    },
    "jwa": {
      "version": "1.4.1",
      "resolved": "https://registry.npmjs.org/jwa/-/jwa-1.4.1.tgz",
      "integrity": "sha512-qiLX/xhEEFKUAJ6FiBMbes3w9ATzyk5W7Hvzpa/SLYdxNtng+gcurvrI7TbACjIXlsJyr05/S1oUhZrc63evQA==",
      "requires": {
        "buffer-equal-constant-time": "1.0.1",
        "ecdsa-sig-formatter": "1.0.11",
        "safe-buffer": "^5.0.1"
      }
    },
    "jws": {
      "version": "3.2.2",
      "resolved": "https://registry.npmjs.org/jws/-/jws-3.2.2.tgz",
      "integrity": "sha512-YHlZCB6lMTllWDtSPHz/ZXTsi8S00usEV6v1tjq8tOUZzw7DpSDWVXjXDre6ed1w/pd495ODpHZYSdkRTsa0HA==",
      "requires": {
        "jwa": "^1.4.1",
        "safe-buffer": "^5.0.1"
      }
    },
    "lodash.includes": {
      "version": "4.3.0",
      "resolved": "https://registry.npmjs.org/lodash.includes/-/lodash.includes-4.3.0.tgz",
      "integrity": "sha1-YLuYqHy5I8aMoeUTJUgzFISfVT8="
    },
    "lodash.isboolean": {
      "version": "3.0.3",
      "resolved": "https://registry.npmjs.org/lodash.isboolean/-/lodash.isboolean-3.0.3.tgz",
      "integrity": "sha1-bC4XHbKiV82WgC/UOwGyDV9YcPY="
    },
    "lodash.isinteger": {
      "version": "4.0.4",
      "resolved": "https://registry.npmjs.org/lodash.isinteger/-/lodash.isinteger-4.0.4.tgz",
      "integrity": "sha1-YZwK89A/iwTDH1iChAt3sRzWg0M="
    },
    "lodash.isnumber": {
      "version": "3.0.3",
      "resolved": "https://registry.npmjs.org/lodash.isnumber/-/lodash.isnumber-3.0.3.tgz",
      "integrity": "sha1-POdoEMWSjQM1IwGsKHMX8RwLH/w="
    },
    "lodash.isplainobject": {
      "version": "4.0.6",
      "resolved": "https://registry.npmjs.org/lodash.isplainobject/-/lodash.isplainobject-4.0.6.tgz",
      "integrity": "sha1-fFJqUtibRcRcxpC4gWO+BJf1UMs="
    },
    "lodash.isstring": {
      "version": "4.0.1",
      "resolved": "https://registry.npmjs.org/lodash.isstring/-/lodash.isstring-4.0.1.tgz",
      "integrity": "sha1-1SfftUVuynzJu5XV2ur4i6VKVFE="
    },
    "lodash.once": {
      "version": "4.1.1",
      "resolved": "https://registry.npmjs.org/lodash.once/-/lodash.once-4.1.1.tgz",
      "integrity": "sha1-DdOXEhPHxW34gJd9UEyI+0cal6w="
    },
    "md5": {
      "version": "2.2.1",
      "resolved": "https://registry.npmjs.org/md5/-/md5-2.2.1.tgz",
      "integrity": "sha1-U6s41f48iJG6RlMp6iP6wFQBJvk=",
      "requires": {
        "charenc": "~0.0.1",
        "crypt": "~0.0.1",
        "is-buffer": "~1.1.1"
      }
    },
    "ms": {
      "version": "2.1.1",
      "resolved": "https://registry.npmjs.org/ms/-/ms-2.1.1.tgz",
      "integrity": "sha512-tgp+dl5cGk28utYktBsrFqA7HKgrhgPsg6Z/EfhWI4gl1Hwq8B/GmY/0oXZ6nF8hDVesS/FpnYaD/kOWhYQvyg=="
    },
    "oauth": {
      "version": "0.9.15",
      "resolved": "https://registry.npmjs.org/oauth/-/oauth-0.9.15.tgz",
      "integrity": "sha1-vR/vr2hslrdUda7VGWQS/2DPucE="
    },
    "passport-oauth2": {
      "version": "1.5.0",
      "resolved": "https://registry.npmjs.org/passport-oauth2/-/passport-oauth2-1.5.0.tgz",
      "integrity": "sha512-kqBt6vR/5VlCK8iCx1/KpY42kQ+NEHZwsSyt4Y6STiNjU+wWICG1i8ucc1FapXDGO15C5O5VZz7+7vRzrDPXXQ==",
      "requires": {
        "base64url": "3.x.x",
        "oauth": "0.9.x",
        "passport-strategy": "1.x.x",
        "uid2": "0.0.x",
        "utils-merge": "1.x.x"
      }
    },
    "passport-strategy": {
      "version": "1.0.0",
      "resolved": "https://registry.npmjs.org/passport-strategy/-/passport-strategy-1.0.0.tgz",
      "integrity": "sha1-tVOaqPwiWj0a0XlHbd8ja0QPUuQ="
    },
    "safe-buffer": {
      "version": "5.1.2",
      "resolved": "https://registry.npmjs.org/safe-buffer/-/safe-buffer-5.1.2.tgz",
      "integrity": "sha512-Gd2UZBJDkXlY7GbJxfsE8/nvKkUEU1G38c1siN6QP6a9PT9MmHB8GnpscSmMJSoF8LOIrt8ud/wPtojys4G6+g=="
    },
    "semver": {
      "version": "5.7.0",
      "resolved": "https://registry.npmjs.org/semver/-/semver-5.7.0.tgz",
      "integrity": "sha512-Ya52jSX2u7QKghxeoFGpLwCtGlt7j0oY9DYb5apt9nPlJ42ID+ulTXESnt/qAQcoSERyZ5sl3LDIOw0nAn/5DA=="
    },
    "uid2": {
      "version": "0.0.3",
      "resolved": "https://registry.npmjs.org/uid2/-/uid2-0.0.3.tgz",
      "integrity": "sha1-SDEm4Rd03y9xuLY53NeZw3YWK4I="
    },
    "utils-merge": {
      "version": "1.0.1",
      "resolved": "https://registry.npmjs.org/utils-merge/-/utils-merge-1.0.1.tgz",
      "integrity": "sha1-n5VxD1CiZ5R7LMwSR0HBAoQn5xM="
    }
  }
}
